
Microsoft Visual Studio Solution File, Format Version 12.00
# Visual Studio Version 16
VisualStudioVersion = 16.0.29403.142
MinimumVisualStudioVersion = 10.0.40219.1
Project("{FAE04EC0-301F-11D3-BF4B-00C04F79EFBC}") = "MonoDockerTestApp", "MonoDockerTestApp\MonoDockerTestApp.csproj", "{4848D45A-0862-4CCE-ACCC-85B19E618981}"
EndProject
Global
	GlobalSection(SolutionConfigurationPlatforms) = preSolution
		Debug|Any CPU = Debug|Any CPU
		Release|Any CPU = Release|Any CPU
	EndGlobalSection
	GlobalSection(ProjectConfigurationPlatforms) = postSolution
		{4848D45A-0862-4CCE-ACCC-85B19E618981}.Debug|Any CPU.ActiveCfg = Debug|Any CPU
		{4848D45A-0862-4CCE-ACCC-85B19E618981}.Debug|Any CPU.Build.0 = Debug|Any CPU
		{4848D45A-0862-4CCE-ACCC-85B19E618981}.Release|Any CPU.ActiveCfg = Release|Any CPU
		{4848D45A-0862-4CCE-ACCC-85B19E618981}.Release|Any CPU.Build.0 = Release|Any CPU
	EndGlobalSection
	GlobalSection(SolutionProperties) = preSolution
		HideSolutionNode = FALSE
	EndGlobalSection
	GlobalSection(ExtensibilityGlobals) = postSolution
		SolutionGuid = {67A5374A-9AFD-4C18-AB9A-8463A36BB504}
	EndGlobalSection
EndGlobal
